
Microsoft Visual Studio Solution File, Format Version 11.00
# Visual Studio 2010
Project("{2150E333-8FDC-42A3-9474-1A3956D46DE8}") = "Solution Items", "Solution Items", "{A3C09426-AEFA-4170-B530-3A0F3B13903D}"
	ProjectSection(SolutionItems) = preProject
		CHANGELOG.txt = CHANGELOG.txt
		KeeAgent.vsmdi = KeeAgent.vsmdi
		Local.testsettings = Local.testsettings
		README.txt = README.txt
		TraceAndTestImpact.testsettings = TraceAndTestImpact.testsettings
	EndProjectSection
EndProject
Project("{FAE04EC0-301F-11D3-BF4B-00C04F79EFBC}") = "KeeAgent", "KeeAgent\KeeAgent.csproj", "{742863F2-52ED-41E0-92A1-8EEA60EB75EF}"
	ProjectSection(ProjectDependencies) = postProject
		{AE8E4C04-E965-406C-AF9B-D14986964A4B} = {AE8E4C04-E965-406C-AF9B-D14986964A4B}
		{3BEB6FAE-B14D-4281-8168-DB2A4A0C5FC4} = {3BEB6FAE-B14D-4281-8168-DB2A4A0C5FC4}
		{9163B6B6-0603-4C6E-BC67-7111ED8CDDE1} = {9163B6B6-0603-4C6E-BC67-7111ED8CDDE1}
	EndProjectSection
EndProject
Project("{FAE04EC0-301F-11D3-BF4B-00C04F79EFBC}") = "KeePass", "..\keepass2\KeePass\KeePass.csproj", "{10938016-DEE2-4A25-9A5A-8FD3444379CA}"
EndProject
Project("{FAE04EC0-301F-11D3-BF4B-00C04F79EFBC}") = "KeeAgentTestProject", "KeeAgentTestProject\KeeAgentTestProject.csproj", "{D181A56F-743F-429F-BA31-1827C39A176C}"
	ProjectSection(ProjectDependencies) = postProject
		{AE8E4C04-E965-406C-AF9B-D14986964A4B} = {AE8E4C04-E965-406C-AF9B-D14986964A4B}
		{3BEB6FAE-B14D-4281-8168-DB2A4A0C5FC4} = {3BEB6FAE-B14D-4281-8168-DB2A4A0C5FC4}
	EndProjectSection
EndProject
Project("{FAE04EC0-301F-11D3-BF4B-00C04F79EFBC}") = "KeePassPluginTestUtil", "KeePassPluginTestUtil\KeePassPluginTestUtil\KeePassPluginTestUtil.csproj", "{7B11CC40-373F-4C20-99A5-DD70F3317D5C}"
EndProject
Project("{FAE04EC0-301F-11D3-BF4B-00C04F79EFBC}") = "PreBuild", "PreBuild\PreBuild.csproj", "{AE8E4C04-E965-406C-AF9B-D14986964A4B}"
EndProject
Project("{FAE04EC0-301F-11D3-BF4B-00C04F79EFBC}") = "Packager", "Packager\Packager.csproj", "{D226AF31-426D-4599-A72A-513EC82386A8}"
EndProject
Project("{FAE04EC0-301F-11D3-BF4B-00C04F79EFBC}") = "IOProtocolExt", "IOProtocolExt\IOProtocolExt\IOProtocolExt.csproj", "{9EA4E10E-AAA0-48D4-B102-6629833F4300}"
EndProject
Project("{FAE04EC0-301F-11D3-BF4B-00C04F79EFBC}") = "KeeAgentDebug", "KeeAgentDebug\KeeAgentDebug.csproj", "{722010CE-AC1F-4911-AF21-91BC14193CFD}"
	ProjectSection(ProjectDependencies) = postProject
		{3BEB6FAE-B14D-4281-8168-DB2A4A0C5FC4} = {3BEB6FAE-B14D-4281-8168-DB2A4A0C5FC4}
		{9163B6B6-0603-4C6E-BC67-7111ED8CDDE1} = {9163B6B6-0603-4C6E-BC67-7111ED8CDDE1}
	EndProjectSection
EndProject
Project("{FAE04EC0-301F-11D3-BF4B-00C04F79EFBC}") = "SshAgentLib", "SshAgentLib\SshAgentLib\SshAgentLib.csproj", "{9163B6B6-0603-4C6E-BC67-7111ED8CDDE1}"
EndProject
Project("{FAE04EC0-301F-11D3-BF4B-00C04F79EFBC}") = "SshAgentLib.Ui.WinForms", "SshAgentLib\Ui\WinForms\SshAgentLib.Ui.WinForms.csproj", "{3BEB6FAE-B14D-4281-8168-DB2A4A0C5FC4}"
EndProject
Global
	GlobalSection(TestCaseManagementSettings) = postSolution
		CategoryFile = KeeAgent.vsmdi
	EndGlobalSection
	GlobalSection(SolutionConfigurationPlatforms) = preSolution
		Debug|Any CPU = Debug|Any CPU
		Debug|Mixed Platforms = Debug|Mixed Platforms
		Debug|x64 = Debug|x64
		Debug|x86 = Debug|x86
		Release|Any CPU = Release|Any CPU
		Release|Mixed Platforms = Release|Mixed Platforms
		Release|x64 = Release|x64
		Release|x86 = Release|x86
	EndGlobalSection
	GlobalSection(ProjectConfigurationPlatforms) = postSolution
		{742863F2-52ED-41E0-92A1-8EEA60EB75EF}.Debug|Any CPU.ActiveCfg = Debug|Any CPU
		{742863F2-52ED-41E0-92A1-8EEA60EB75EF}.Debug|Any CPU.Build.0 = Debug|Any CPU
		{742863F2-52ED-41E0-92A1-8EEA60EB75EF}.Debug|Mixed Platforms.ActiveCfg = Debug|Any CPU
		{742863F2-52ED-41E0-92A1-8EEA60EB75EF}.Debug|Mixed Platforms.Build.0 = Debug|Any CPU
		{742863F2-52ED-41E0-92A1-8EEA60EB75EF}.Debug|x64.ActiveCfg = Debug|x64
		{742863F2-52ED-41E0-92A1-8EEA60EB75EF}.Debug|x64.Build.0 = Debug|x64
		{742863F2-52ED-41E0-92A1-8EEA60EB75EF}.Debug|x86.ActiveCfg = Debug|x86
		{742863F2-52ED-41E0-92A1-8EEA60EB75EF}.Debug|x86.Build.0 = Debug|x86
		{742863F2-52ED-41E0-92A1-8EEA60EB75EF}.Release|Any CPU.ActiveCfg = Release|Any CPU
		{742863F2-52ED-41E0-92A1-8EEA60EB75EF}.Release|Any CPU.Build.0 = Release|Any CPU
		{742863F2-52ED-41E0-92A1-8EEA60EB75EF}.Release|Mixed Platforms.ActiveCfg = Release|x86
		{742863F2-52ED-41E0-92A1-8EEA60EB75EF}.Release|Mixed Platforms.Build.0 = Release|x86
		{742863F2-52ED-41E0-92A1-8EEA60EB75EF}.Release|x64.ActiveCfg = Release|x64
		{742863F2-52ED-41E0-92A1-8EEA60EB75EF}.Release|x64.Build.0 = Release|x64
		{742863F2-52ED-41E0-92A1-8EEA60EB75EF}.Release|x86.ActiveCfg = Release|x86
		{742863F2-52ED-41E0-92A1-8EEA60EB75EF}.Release|x86.Build.0 = Release|x86
		{10938016-DEE2-4A25-9A5A-8FD3444379CA}.Debug|Any CPU.ActiveCfg = Debug|Any CPU
		{10938016-DEE2-4A25-9A5A-8FD3444379CA}.Debug|Any CPU.Build.0 = Debug|Any CPU
		{10938016-DEE2-4A25-9A5A-8FD3444379CA}.Debug|Mixed Platforms.ActiveCfg = Debug|Any CPU
		{10938016-DEE2-4A25-9A5A-8FD3444379CA}.Debug|Mixed Platforms.Build.0 = Debug|Any CPU
		{10938016-DEE2-4A25-9A5A-8FD3444379CA}.Debug|x64.ActiveCfg = Debug|x64
		{10938016-DEE2-4A25-9A5A-8FD3444379CA}.Debug|x64.Build.0 = Debug|x64
		{10938016-DEE2-4A25-9A5A-8FD3444379CA}.Debug|x86.ActiveCfg = Debug|Any CPU
		{10938016-DEE2-4A25-9A5A-8FD3444379CA}.Release|Any CPU.ActiveCfg = Release|Any CPU
		{10938016-DEE2-4A25-9A5A-8FD3444379CA}.Release|Mixed Platforms.ActiveCfg = Release|Any CPU
		{10938016-DEE2-4A25-9A5A-8FD3444379CA}.Release|Mixed Platforms.Build.0 = Release|Any CPU
		{10938016-DEE2-4A25-9A5A-8FD3444379CA}.Release|x64.ActiveCfg = Release|x64
		{10938016-DEE2-4A25-9A5A-8FD3444379CA}.Release|x86.ActiveCfg = Release|Any CPU
		{D181A56F-743F-429F-BA31-1827C39A176C}.Debug|Any CPU.ActiveCfg = Debug|Any CPU
		{D181A56F-743F-429F-BA31-1827C39A176C}.Debug|Any CPU.Build.0 = Debug|Any CPU
		{D181A56F-743F-429F-BA31-1827C39A176C}.Debug|Mixed Platforms.ActiveCfg = Debug|Any CPU
		{D181A56F-743F-429F-BA31-1827C39A176C}.Debug|Mixed Platforms.Build.0 = Debug|Any CPU
		{D181A56F-743F-429F-BA31-1827C39A176C}.Debug|x64.ActiveCfg = Debug|x64
		{D181A56F-743F-429F-BA31-1827C39A176C}.Debug|x64.Build.0 = Debug|x64
		{D181A56F-743F-429F-BA31-1827C39A176C}.Debug|x86.ActiveCfg = Debug|Any CPU
		{D181A56F-743F-429F-BA31-1827C39A176C}.Release|Any CPU.ActiveCfg = Release|Any CPU
		{D181A56F-743F-429F-BA31-1827C39A176C}.Release|Mixed Platforms.ActiveCfg = Release|Any CPU
		{D181A56F-743F-429F-BA31-1827C39A176C}.Release|Mixed Platforms.Build.0 = Release|Any CPU
		{D181A56F-743F-429F-BA31-1827C39A176C}.Release|x64.ActiveCfg = Release|x64
		{D181A56F-743F-429F-BA31-1827C39A176C}.Release|x86.ActiveCfg = Release|Any CPU
		{7B11CC40-373F-4C20-99A5-DD70F3317D5C}.Debug|Any CPU.ActiveCfg = Debug|Any CPU
		{7B11CC40-373F-4C20-99A5-DD70F3317D5C}.Debug|Any CPU.Build.0 = Debug|Any CPU
		{7B11CC40-373F-4C20-99A5-DD70F3317D5C}.Debug|Mixed Platforms.ActiveCfg = Debug|Any CPU
		{7B11CC40-373F-4C20-99A5-DD70F3317D5C}.Debug|Mixed Platforms.Build.0 = Debug|Any CPU
		{7B11CC40-373F-4C20-99A5-DD70F3317D5C}.Debug|x64.ActiveCfg = Debug|x64
		{7B11CC40-373F-4C20-99A5-DD70F3317D5C}.Debug|x64.Build.0 = Debug|x64
		{7B11CC40-373F-4C20-99A5-DD70F3317D5C}.Debug|x86.ActiveCfg = Debug|Any CPU
		{7B11CC40-373F-4C20-99A5-DD70F3317D5C}.Release|Any CPU.ActiveCfg = Release|Any CPU
		{7B11CC40-373F-4C20-99A5-DD70F3317D5C}.Release|Any CPU.Build.0 = Release|Any CPU
		{7B11CC40-373F-4C20-99A5-DD70F3317D5C}.Release|Mixed Platforms.ActiveCfg = Release|Any CPU
		{7B11CC40-373F-4C20-99A5-DD70F3317D5C}.Release|Mixed Platforms.Build.0 = Release|Any CPU
		{7B11CC40-373F-4C20-99A5-DD70F3317D5C}.Release|x64.ActiveCfg = Release|x64
		{7B11CC40-373F-4C20-99A5-DD70F3317D5C}.Release|x86.ActiveCfg = Release|Any CPU
		{AE8E4C04-E965-406C-AF9B-D14986964A4B}.Debug|Any CPU.ActiveCfg = Debug|Any CPU
		{AE8E4C04-E965-406C-AF9B-D14986964A4B}.Debug|Any CPU.Build.0 = Debug|Any CPU
		{AE8E4C04-E965-406C-AF9B-D14986964A4B}.Debug|Mixed Platforms.ActiveCfg = Debug|x86
		{AE8E4C04-E965-406C-AF9B-D14986964A4B}.Debug|Mixed Platforms.Build.0 = Debug|x86
		{AE8E4C04-E965-406C-AF9B-D14986964A4B}.Debug|x64.ActiveCfg = Debug|x64
		{AE8E4C04-E965-406C-AF9B-D14986964A4B}.Debug|x86.ActiveCfg = Debug|x86
		{AE8E4C04-E965-406C-AF9B-D14986964A4B}.Debug|x86.Build.0 = Debug|x86
		{AE8E4C04-E965-406C-AF9B-D14986964A4B}.Release|Any CPU.ActiveCfg = Release|Any CPU
		{AE8E4C04-E965-406C-AF9B-D14986964A4B}.Release|Any CPU.Build.0 = Release|Any CPU
		{AE8E4C04-E965-406C-AF9B-D14986964A4B}.Release|Mixed Platforms.ActiveCfg = Release|x86
		{AE8E4C04-E965-406C-AF9B-D14986964A4B}.Release|Mixed Platforms.Build.0 = Release|x86
		{AE8E4C04-E965-406C-AF9B-D14986964A4B}.Release|x64.ActiveCfg = Release|x64
		{AE8E4C04-E965-406C-AF9B-D14986964A4B}.Release|x64.Build.0 = Release|x64
		{AE8E4C04-E965-406C-AF9B-D14986964A4B}.Release|x86.ActiveCfg = Release|x86
		{AE8E4C04-E965-406C-AF9B-D14986964A4B}.Release|x86.Build.0 = Release|x86
		{D226AF31-426D-4599-A72A-513EC82386A8}.Debug|Any CPU.ActiveCfg = Debug|Any CPU
		{D226AF31-426D-4599-A72A-513EC82386A8}.Debug|Any CPU.Build.0 = Debug|Any CPU
		{D226AF31-426D-4599-A72A-513EC82386A8}.Debug|Mixed Platforms.ActiveCfg = Debug|x86
		{D226AF31-426D-4599-A72A-513EC82386A8}.Debug|Mixed Platforms.Build.0 = Debug|x86
		{D226AF31-426D-4599-A72A-513EC82386A8}.Debug|x64.ActiveCfg = Debug|x64
		{D226AF31-426D-4599-A72A-513EC82386A8}.Debug|x86.ActiveCfg = Debug|x86
		{D226AF31-426D-4599-A72A-513EC82386A8}.Debug|x86.Build.0 = Debug|x86
		{D226AF31-426D-4599-A72A-513EC82386A8}.Release|Any CPU.ActiveCfg = Release|Any CPU
		{D226AF31-426D-4599-A72A-513EC82386A8}.Release|Any CPU.Build.0 = Release|Any CPU
		{D226AF31-426D-4599-A72A-513EC82386A8}.Release|Mixed Platforms.ActiveCfg = Release|x86
		{D226AF31-426D-4599-A72A-513EC82386A8}.Release|Mixed Platforms.Build.0 = Release|x86
		{D226AF31-426D-4599-A72A-513EC82386A8}.Release|x64.ActiveCfg = Release|x64
		{D226AF31-426D-4599-A72A-513EC82386A8}.Release|x64.Build.0 = Release|x64
		{D226AF31-426D-4599-A72A-513EC82386A8}.Release|x86.ActiveCfg = Release|x86
		{D226AF31-426D-4599-A72A-513EC82386A8}.Release|x86.Build.0 = Release|x86
		{9EA4E10E-AAA0-48D4-B102-6629833F4300}.Debug|Any CPU.ActiveCfg = Debug|Any CPU
		{9EA4E10E-AAA0-48D4-B102-6629833F4300}.Debug|Any CPU.Build.0 = Debug|Any CPU
		{9EA4E10E-AAA0-48D4-B102-6629833F4300}.Debug|Mixed Platforms.ActiveCfg = Debug|Any CPU
		{9EA4E10E-AAA0-48D4-B102-6629833F4300}.Debug|Mixed Platforms.Build.0 = Debug|Any CPU
		{9EA4E10E-AAA0-48D4-B102-6629833F4300}.Debug|x64.ActiveCfg = Debug|x64
		{9EA4E10E-AAA0-48D4-B102-6629833F4300}.Debug|x64.Build.0 = Debug|x64
		{9EA4E10E-AAA0-48D4-B102-6629833F4300}.Debug|x86.ActiveCfg = Debug|Any CPU
		{9EA4E10E-AAA0-48D4-B102-6629833F4300}.Release|Any CPU.ActiveCfg = Release|Any CPU
		{9EA4E10E-AAA0-48D4-B102-6629833F4300}.Release|Any CPU.Build.0 = Release|Any CPU
		{9EA4E10E-AAA0-48D4-B102-6629833F4300}.Release|Mixed Platforms.ActiveCfg = Release|Any CPU
		{9EA4E10E-AAA0-48D4-B102-6629833F4300}.Release|Mixed Platforms.Build.0 = Release|Any CPU
		{9EA4E10E-AAA0-48D4-B102-6629833F4300}.Release|x64.ActiveCfg = Release|x64
		{9EA4E10E-AAA0-48D4-B102-6629833F4300}.Release|x86.ActiveCfg = Release|Any CPU
		{722010CE-AC1F-4911-AF21-91BC14193CFD}.Debug|Any CPU.ActiveCfg = Debug|Any CPU
		{722010CE-AC1F-4911-AF21-91BC14193CFD}.Debug|Any CPU.Build.0 = Debug|Any CPU
		{722010CE-AC1F-4911-AF21-91BC14193CFD}.Debug|Mixed Platforms.ActiveCfg = Debug|x86
		{722010CE-AC1F-4911-AF21-91BC14193CFD}.Debug|Mixed Platforms.Build.0 = Debug|x86
		{722010CE-AC1F-4911-AF21-91BC14193CFD}.Debug|x64.ActiveCfg = Debug|x86
		{722010CE-AC1F-4911-AF21-91BC14193CFD}.Debug|x86.ActiveCfg = Debug|x86
		{722010CE-AC1F-4911-AF21-91BC14193CFD}.Debug|x86.Build.0 = Debug|x86
		{722010CE-AC1F-4911-AF21-91BC14193CFD}.Release|Any CPU.ActiveCfg = Release|Any CPU
		{722010CE-AC1F-4911-AF21-91BC14193CFD}.Release|Mixed Platforms.ActiveCfg = Release|x86
		{722010CE-AC1F-4911-AF21-91BC14193CFD}.Release|Mixed Platforms.Build.0 = Release|x86
		{722010CE-AC1F-4911-AF21-91BC14193CFD}.Release|x64.ActiveCfg = Release|x86
		{722010CE-AC1F-4911-AF21-91BC14193CFD}.Release|x86.ActiveCfg = Release|x86
		{722010CE-AC1F-4911-AF21-91BC14193CFD}.Release|x86.Build.0 = Release|x86
		{9163B6B6-0603-4C6E-BC67-7111ED8CDDE1}.Debug|Any CPU.ActiveCfg = Debug|Any CPU
		{9163B6B6-0603-4C6E-BC67-7111ED8CDDE1}.Debug|Any CPU.Build.0 = Debug|Any CPU
		{9163B6B6-0603-4C6E-BC67-7111ED8CDDE1}.Debug|Mixed Platforms.ActiveCfg = Debug|x64
		{9163B6B6-0603-4C6E-BC67-7111ED8CDDE1}.Debug|Mixed Platforms.Build.0 = Debug|x64
		{9163B6B6-0603-4C6E-BC67-7111ED8CDDE1}.Debug|x64.ActiveCfg = Debug|x64
		{9163B6B6-0603-4C6E-BC67-7111ED8CDDE1}.Debug|x64.Build.0 = Debug|x64
		{9163B6B6-0603-4C6E-BC67-7111ED8CDDE1}.Debug|x86.ActiveCfg = Debug|x86
		{9163B6B6-0603-4C6E-BC67-7111ED8CDDE1}.Debug|x86.Build.0 = Debug|x86
		{9163B6B6-0603-4C6E-BC67-7111ED8CDDE1}.Release|Any CPU.ActiveCfg = Release|Any CPU
		{9163B6B6-0603-4C6E-BC67-7111ED8CDDE1}.Release|Any CPU.Build.0 = Release|Any CPU
		{9163B6B6-0603-4C6E-BC67-7111ED8CDDE1}.Release|Mixed Platforms.ActiveCfg = Release|x64
		{9163B6B6-0603-4C6E-BC67-7111ED8CDDE1}.Release|Mixed Platforms.Build.0 = Release|x64
		{9163B6B6-0603-4C6E-BC67-7111ED8CDDE1}.Release|x64.ActiveCfg = Release|x64
		{9163B6B6-0603-4C6E-BC67-7111ED8CDDE1}.Release|x64.Build.0 = Release|x64
		{9163B6B6-0603-4C6E-BC67-7111ED8CDDE1}.Release|x86.ActiveCfg = Release|x86
		{9163B6B6-0603-4C6E-BC67-7111ED8CDDE1}.Release|x86.Build.0 = Release|x86
		{3BEB6FAE-B14D-4281-8168-DB2A4A0C5FC4}.Debug|Any CPU.ActiveCfg = Debug|Any CPU
		{3BEB6FAE-B14D-4281-8168-DB2A4A0C5FC4}.Debug|Any CPU.Build.0 = Debug|Any CPU
		{3BEB6FAE-B14D-4281-8168-DB2A4A0C5FC4}.Debug|Mixed Platforms.ActiveCfg = Debug|Any CPU
		{3BEB6FAE-B14D-4281-8168-DB2A4A0C5FC4}.Debug|Mixed Platforms.Build.0 = Debug|Any CPU
		{3BEB6FAE-B14D-4281-8168-DB2A4A0C5FC4}.Debug|x64.ActiveCfg = Debug|Any CPU
		{3BEB6FAE-B14D-4281-8168-DB2A4A0C5FC4}.Debug|x86.ActiveCfg = Debug|Any CPU
		{3BEB6FAE-B14D-4281-8168-DB2A4A0C5FC4}.Release|Any CPU.ActiveCfg = Release|Any CPU
		{3BEB6FAE-B14D-4281-8168-DB2A4A0C5FC4}.Release|Any CPU.Build.0 = Release|Any CPU
		{3BEB6FAE-B14D-4281-8168-DB2A4A0C5FC4}.Release|Mixed Platforms.ActiveCfg = Release|Any CPU
		{3BEB6FAE-B14D-4281-8168-DB2A4A0C5FC4}.Release|Mixed Platforms.Build.0 = Release|Any CPU
		{3BEB6FAE-B14D-4281-8168-DB2A4A0C5FC4}.Release|x64.ActiveCfg = Release|Any CPU
		{3BEB6FAE-B14D-4281-8168-DB2A4A0C5FC4}.Release|x86.ActiveCfg = Release|Any CPU
	EndGlobalSection
	GlobalSection(SolutionProperties) = preSolution
		HideSolutionNode = FALSE
	EndGlobalSection
EndGlobal
