
Microsoft Visual Studio Solution File, Format Version 11.00
# Visual Studio 2010
Project("{FAE04EC0-301F-11D3-BF4B-00C04F79EFBC}") = "KeeAgent", "KeeAgent\KeeAgent.csproj", "{742863F2-52ED-41E0-92A1-8EEA60EB75EF}"
EndProject
Project("{FAE04EC0-301F-11D3-BF4B-00C04F79EFBC}") = "KeePass", "..\keepass2\KeePass\KeePass.csproj", "{10938016-DEE2-4A25-9A5A-8FD3444379CA}"
EndProject
Project("{FAE04EC0-301F-11D3-BF4B-00C04F79EFBC}") = "KeeAgentTestProject", "KeeAgentTestProject\KeeAgentTestProject.csproj", "{D181A56F-743F-429F-BA31-1827C39A176C}"
EndProject
Project("{2150E333-8FDC-42A3-9474-1A3956D46DE8}") = "Solution Items", "Solution Items", "{A3C09426-AEFA-4170-B530-3A0F3B13903D}"
	ProjectSection(SolutionItems) = preProject
		KeeAgent.vsmdi = KeeAgent.vsmdi
		Local.testsettings = Local.testsettings
		TraceAndTestImpact.testsettings = TraceAndTestImpact.testsettings
	EndProjectSection
EndProject
Project("{FAE04EC0-301F-11D3-BF4B-00C04F79EFBC}") = "KeePassPluginTestUtil", "..\KeePassPluginTestUtil\KeePassPluginTestUtil\KeePassPluginTestUtil.csproj", "{7B11CC40-373F-4C20-99A5-DD70F3317D5C}"
EndProject
Project("{FAE04EC0-301F-11D3-BF4B-00C04F79EFBC}") = "PageantSharp", "..\libs\PageantSharp\PageantSharp\PageantSharp.csproj", "{9163B6B6-0603-4C6E-BC67-7111ED8CDDE1}"
EndProject
Project("{FAE04EC0-301F-11D3-BF4B-00C04F79EFBC}") = "crypto", "..\libs\BountyCastleCrypto1.7\crypto\crypto.csproj", "{38872A5F-E87E-4FAD-B109-8EB7B2E6A4A0}"
EndProject
Global
	GlobalSection(TestCaseManagementSettings) = postSolution
		CategoryFile = KeeAgent.vsmdi
	EndGlobalSection
	GlobalSection(SolutionConfigurationPlatforms) = preSolution
		Debug|Any CPU = Debug|Any CPU
		Debug|Mixed Platforms = Debug|Mixed Platforms
		Debug|x86 = Debug|x86
		Debug32|Any CPU = Debug32|Any CPU
		Debug32|Mixed Platforms = Debug32|Mixed Platforms
		Debug32|x86 = Debug32|x86
		Release|Any CPU = Release|Any CPU
		Release|Mixed Platforms = Release|Mixed Platforms
		Release|x86 = Release|x86
		Release32|Any CPU = Release32|Any CPU
		Release32|Mixed Platforms = Release32|Mixed Platforms
		Release32|x86 = Release32|x86
	EndGlobalSection
	GlobalSection(ProjectConfigurationPlatforms) = postSolution
		{742863F2-52ED-41E0-92A1-8EEA60EB75EF}.Debug|Any CPU.ActiveCfg = Debug|Any CPU
		{742863F2-52ED-41E0-92A1-8EEA60EB75EF}.Debug|Any CPU.Build.0 = Debug|Any CPU
		{742863F2-52ED-41E0-92A1-8EEA60EB75EF}.Debug|Mixed Platforms.ActiveCfg = Debug|x86
		{742863F2-52ED-41E0-92A1-8EEA60EB75EF}.Debug|Mixed Platforms.Build.0 = Debug|x86
		{742863F2-52ED-41E0-92A1-8EEA60EB75EF}.Debug|x86.ActiveCfg = Debug|x86
		{742863F2-52ED-41E0-92A1-8EEA60EB75EF}.Debug|x86.Build.0 = Debug|x86
		{742863F2-52ED-41E0-92A1-8EEA60EB75EF}.Debug32|Any CPU.ActiveCfg = Debug|Any CPU
		{742863F2-52ED-41E0-92A1-8EEA60EB75EF}.Debug32|Any CPU.Build.0 = Debug|Any CPU
		{742863F2-52ED-41E0-92A1-8EEA60EB75EF}.Debug32|Mixed Platforms.ActiveCfg = Debug|x86
		{742863F2-52ED-41E0-92A1-8EEA60EB75EF}.Debug32|Mixed Platforms.Build.0 = Debug|x86
		{742863F2-52ED-41E0-92A1-8EEA60EB75EF}.Debug32|x86.ActiveCfg = Debug|x86
		{742863F2-52ED-41E0-92A1-8EEA60EB75EF}.Debug32|x86.Build.0 = Debug|x86
		{742863F2-52ED-41E0-92A1-8EEA60EB75EF}.Release|Any CPU.ActiveCfg = Release|Any CPU
		{742863F2-52ED-41E0-92A1-8EEA60EB75EF}.Release|Any CPU.Build.0 = Release|Any CPU
		{742863F2-52ED-41E0-92A1-8EEA60EB75EF}.Release|Mixed Platforms.ActiveCfg = Release|x86
		{742863F2-52ED-41E0-92A1-8EEA60EB75EF}.Release|Mixed Platforms.Build.0 = Release|x86
		{742863F2-52ED-41E0-92A1-8EEA60EB75EF}.Release|x86.ActiveCfg = Release|x86
		{742863F2-52ED-41E0-92A1-8EEA60EB75EF}.Release|x86.Build.0 = Release|x86
		{742863F2-52ED-41E0-92A1-8EEA60EB75EF}.Release32|Any CPU.ActiveCfg = Release|x86
		{742863F2-52ED-41E0-92A1-8EEA60EB75EF}.Release32|Any CPU.Build.0 = Release|x86
		{742863F2-52ED-41E0-92A1-8EEA60EB75EF}.Release32|Mixed Platforms.ActiveCfg = Release|x86
		{742863F2-52ED-41E0-92A1-8EEA60EB75EF}.Release32|Mixed Platforms.Build.0 = Release|x86
		{742863F2-52ED-41E0-92A1-8EEA60EB75EF}.Release32|x86.ActiveCfg = Release|x86
		{742863F2-52ED-41E0-92A1-8EEA60EB75EF}.Release32|x86.Build.0 = Release|x86
		{10938016-DEE2-4A25-9A5A-8FD3444379CA}.Debug|Any CPU.ActiveCfg = Debug|Any CPU
		{10938016-DEE2-4A25-9A5A-8FD3444379CA}.Debug|Any CPU.Build.0 = Debug|Any CPU
		{10938016-DEE2-4A25-9A5A-8FD3444379CA}.Debug|Mixed Platforms.ActiveCfg = Debug|Any CPU
		{10938016-DEE2-4A25-9A5A-8FD3444379CA}.Debug|Mixed Platforms.Build.0 = Debug|Any CPU
		{10938016-DEE2-4A25-9A5A-8FD3444379CA}.Debug|x86.ActiveCfg = Debug|Any CPU
		{10938016-DEE2-4A25-9A5A-8FD3444379CA}.Debug32|Any CPU.ActiveCfg = Debug|Any CPU
		{10938016-DEE2-4A25-9A5A-8FD3444379CA}.Debug32|Any CPU.Build.0 = Debug|Any CPU
		{10938016-DEE2-4A25-9A5A-8FD3444379CA}.Debug32|Mixed Platforms.ActiveCfg = Debug|Any CPU
		{10938016-DEE2-4A25-9A5A-8FD3444379CA}.Debug32|Mixed Platforms.Build.0 = Debug|Any CPU
		{10938016-DEE2-4A25-9A5A-8FD3444379CA}.Debug32|x86.ActiveCfg = Debug|Any CPU
		{10938016-DEE2-4A25-9A5A-8FD3444379CA}.Debug32|x86.Build.0 = Debug|Any CPU
		{10938016-DEE2-4A25-9A5A-8FD3444379CA}.Release|Any CPU.ActiveCfg = Release|Any CPU
		{10938016-DEE2-4A25-9A5A-8FD3444379CA}.Release|Mixed Platforms.ActiveCfg = Release|Any CPU
		{10938016-DEE2-4A25-9A5A-8FD3444379CA}.Release|Mixed Platforms.Build.0 = Release|Any CPU
		{10938016-DEE2-4A25-9A5A-8FD3444379CA}.Release|x86.ActiveCfg = Release|Any CPU
		{10938016-DEE2-4A25-9A5A-8FD3444379CA}.Release32|Any CPU.ActiveCfg = Release|Any CPU
		{10938016-DEE2-4A25-9A5A-8FD3444379CA}.Release32|Mixed Platforms.ActiveCfg = Release|Any CPU
		{10938016-DEE2-4A25-9A5A-8FD3444379CA}.Release32|Mixed Platforms.Build.0 = Release|Any CPU
		{10938016-DEE2-4A25-9A5A-8FD3444379CA}.Release32|x86.ActiveCfg = Release|Any CPU
		{D181A56F-743F-429F-BA31-1827C39A176C}.Debug|Any CPU.ActiveCfg = Debug|Any CPU
		{D181A56F-743F-429F-BA31-1827C39A176C}.Debug|Any CPU.Build.0 = Debug|Any CPU
		{D181A56F-743F-429F-BA31-1827C39A176C}.Debug|Mixed Platforms.ActiveCfg = Debug|Any CPU
		{D181A56F-743F-429F-BA31-1827C39A176C}.Debug|Mixed Platforms.Build.0 = Debug|Any CPU
		{D181A56F-743F-429F-BA31-1827C39A176C}.Debug|x86.ActiveCfg = Debug|Any CPU
		{D181A56F-743F-429F-BA31-1827C39A176C}.Debug32|Any CPU.ActiveCfg = Debug|Any CPU
		{D181A56F-743F-429F-BA31-1827C39A176C}.Debug32|Any CPU.Build.0 = Debug|Any CPU
		{D181A56F-743F-429F-BA31-1827C39A176C}.Debug32|Mixed Platforms.ActiveCfg = Debug|Any CPU
		{D181A56F-743F-429F-BA31-1827C39A176C}.Debug32|Mixed Platforms.Build.0 = Debug|Any CPU
		{D181A56F-743F-429F-BA31-1827C39A176C}.Debug32|x86.ActiveCfg = Debug|Any CPU
		{D181A56F-743F-429F-BA31-1827C39A176C}.Debug32|x86.Build.0 = Debug|Any CPU
		{D181A56F-743F-429F-BA31-1827C39A176C}.Release|Any CPU.ActiveCfg = Release|Any CPU
		{D181A56F-743F-429F-BA31-1827C39A176C}.Release|Mixed Platforms.ActiveCfg = Release|Any CPU
		{D181A56F-743F-429F-BA31-1827C39A176C}.Release|Mixed Platforms.Build.0 = Release|Any CPU
		{D181A56F-743F-429F-BA31-1827C39A176C}.Release|x86.ActiveCfg = Release|Any CPU
		{D181A56F-743F-429F-BA31-1827C39A176C}.Release32|Any CPU.ActiveCfg = Release|Any CPU
		{D181A56F-743F-429F-BA31-1827C39A176C}.Release32|Mixed Platforms.ActiveCfg = Release|Any CPU
		{D181A56F-743F-429F-BA31-1827C39A176C}.Release32|Mixed Platforms.Build.0 = Release|Any CPU
		{D181A56F-743F-429F-BA31-1827C39A176C}.Release32|x86.ActiveCfg = Release|Any CPU
		{7B11CC40-373F-4C20-99A5-DD70F3317D5C}.Debug|Any CPU.ActiveCfg = Debug|Any CPU
		{7B11CC40-373F-4C20-99A5-DD70F3317D5C}.Debug|Any CPU.Build.0 = Debug|Any CPU
		{7B11CC40-373F-4C20-99A5-DD70F3317D5C}.Debug|Mixed Platforms.ActiveCfg = Debug|Any CPU
		{7B11CC40-373F-4C20-99A5-DD70F3317D5C}.Debug|Mixed Platforms.Build.0 = Debug|Any CPU
		{7B11CC40-373F-4C20-99A5-DD70F3317D5C}.Debug|x86.ActiveCfg = Debug|Any CPU
		{7B11CC40-373F-4C20-99A5-DD70F3317D5C}.Debug32|Any CPU.ActiveCfg = Debug|Any CPU
		{7B11CC40-373F-4C20-99A5-DD70F3317D5C}.Debug32|Any CPU.Build.0 = Debug|Any CPU
		{7B11CC40-373F-4C20-99A5-DD70F3317D5C}.Debug32|Mixed Platforms.ActiveCfg = Debug|Any CPU
		{7B11CC40-373F-4C20-99A5-DD70F3317D5C}.Debug32|Mixed Platforms.Build.0 = Debug|Any CPU
		{7B11CC40-373F-4C20-99A5-DD70F3317D5C}.Debug32|x86.ActiveCfg = Debug|Any CPU
		{7B11CC40-373F-4C20-99A5-DD70F3317D5C}.Debug32|x86.Build.0 = Debug|Any CPU
		{7B11CC40-373F-4C20-99A5-DD70F3317D5C}.Release|Any CPU.ActiveCfg = Release|Any CPU
		{7B11CC40-373F-4C20-99A5-DD70F3317D5C}.Release|Mixed Platforms.ActiveCfg = Release|Any CPU
		{7B11CC40-373F-4C20-99A5-DD70F3317D5C}.Release|Mixed Platforms.Build.0 = Release|Any CPU
		{7B11CC40-373F-4C20-99A5-DD70F3317D5C}.Release|x86.ActiveCfg = Release|Any CPU
		{7B11CC40-373F-4C20-99A5-DD70F3317D5C}.Release32|Any CPU.ActiveCfg = Release|Any CPU
		{7B11CC40-373F-4C20-99A5-DD70F3317D5C}.Release32|Mixed Platforms.ActiveCfg = Release|Any CPU
		{7B11CC40-373F-4C20-99A5-DD70F3317D5C}.Release32|Mixed Platforms.Build.0 = Release|Any CPU
		{7B11CC40-373F-4C20-99A5-DD70F3317D5C}.Release32|x86.ActiveCfg = Release|Any CPU
		{9163B6B6-0603-4C6E-BC67-7111ED8CDDE1}.Debug|Any CPU.ActiveCfg = Debug|Any CPU
		{9163B6B6-0603-4C6E-BC67-7111ED8CDDE1}.Debug|Any CPU.Build.0 = Debug|Any CPU
		{9163B6B6-0603-4C6E-BC67-7111ED8CDDE1}.Debug|Mixed Platforms.ActiveCfg = Debug|Any CPU
		{9163B6B6-0603-4C6E-BC67-7111ED8CDDE1}.Debug|Mixed Platforms.Build.0 = Debug|Any CPU
		{9163B6B6-0603-4C6E-BC67-7111ED8CDDE1}.Debug|x86.ActiveCfg = Debug|x86
		{9163B6B6-0603-4C6E-BC67-7111ED8CDDE1}.Debug|x86.Build.0 = Debug|x86
		{9163B6B6-0603-4C6E-BC67-7111ED8CDDE1}.Debug32|Any CPU.ActiveCfg = Debug|Any CPU
		{9163B6B6-0603-4C6E-BC67-7111ED8CDDE1}.Debug32|Any CPU.Build.0 = Debug|Any CPU
		{9163B6B6-0603-4C6E-BC67-7111ED8CDDE1}.Debug32|Mixed Platforms.ActiveCfg = Debug|Any CPU
		{9163B6B6-0603-4C6E-BC67-7111ED8CDDE1}.Debug32|Mixed Platforms.Build.0 = Debug|Any CPU
		{9163B6B6-0603-4C6E-BC67-7111ED8CDDE1}.Debug32|x86.ActiveCfg = Debug|x86
		{9163B6B6-0603-4C6E-BC67-7111ED8CDDE1}.Debug32|x86.Build.0 = Debug|x86
		{9163B6B6-0603-4C6E-BC67-7111ED8CDDE1}.Release|Any CPU.ActiveCfg = Release|Any CPU
		{9163B6B6-0603-4C6E-BC67-7111ED8CDDE1}.Release|Any CPU.Build.0 = Release|Any CPU
		{9163B6B6-0603-4C6E-BC67-7111ED8CDDE1}.Release|Mixed Platforms.ActiveCfg = Release|Any CPU
		{9163B6B6-0603-4C6E-BC67-7111ED8CDDE1}.Release|Mixed Platforms.Build.0 = Release|Any CPU
		{9163B6B6-0603-4C6E-BC67-7111ED8CDDE1}.Release|x86.ActiveCfg = Release|x86
		{9163B6B6-0603-4C6E-BC67-7111ED8CDDE1}.Release|x86.Build.0 = Release|x86
		{9163B6B6-0603-4C6E-BC67-7111ED8CDDE1}.Release32|Any CPU.ActiveCfg = Release|x86
		{9163B6B6-0603-4C6E-BC67-7111ED8CDDE1}.Release32|Any CPU.Build.0 = Release|x86
		{9163B6B6-0603-4C6E-BC67-7111ED8CDDE1}.Release32|Mixed Platforms.ActiveCfg = Release|Any CPU
		{9163B6B6-0603-4C6E-BC67-7111ED8CDDE1}.Release32|Mixed Platforms.Build.0 = Release|Any CPU
		{9163B6B6-0603-4C6E-BC67-7111ED8CDDE1}.Release32|x86.ActiveCfg = Release|x86
		{9163B6B6-0603-4C6E-BC67-7111ED8CDDE1}.Release32|x86.Build.0 = Release|x86
		{38872A5F-E87E-4FAD-B109-8EB7B2E6A4A0}.Debug|Any CPU.ActiveCfg = Debug|Any CPU
		{38872A5F-E87E-4FAD-B109-8EB7B2E6A4A0}.Debug|Any CPU.Build.0 = Debug|Any CPU
		{38872A5F-E87E-4FAD-B109-8EB7B2E6A4A0}.Debug|Mixed Platforms.ActiveCfg = Debug|Any CPU
		{38872A5F-E87E-4FAD-B109-8EB7B2E6A4A0}.Debug|Mixed Platforms.Build.0 = Debug|Any CPU
		{38872A5F-E87E-4FAD-B109-8EB7B2E6A4A0}.Debug|x86.ActiveCfg = Debug|Any CPU
		{38872A5F-E87E-4FAD-B109-8EB7B2E6A4A0}.Debug32|Any CPU.ActiveCfg = Debug|Any CPU
		{38872A5F-E87E-4FAD-B109-8EB7B2E6A4A0}.Debug32|Any CPU.Build.0 = Debug|Any CPU
		{38872A5F-E87E-4FAD-B109-8EB7B2E6A4A0}.Debug32|Mixed Platforms.ActiveCfg = Debug|Any CPU
		{38872A5F-E87E-4FAD-B109-8EB7B2E6A4A0}.Debug32|Mixed Platforms.Build.0 = Debug|Any CPU
		{38872A5F-E87E-4FAD-B109-8EB7B2E6A4A0}.Debug32|x86.ActiveCfg = Debug|Any CPU
		{38872A5F-E87E-4FAD-B109-8EB7B2E6A4A0}.Release|Any CPU.ActiveCfg = Release|Any CPU
		{38872A5F-E87E-4FAD-B109-8EB7B2E6A4A0}.Release|Any CPU.Build.0 = Release|Any CPU
		{38872A5F-E87E-4FAD-B109-8EB7B2E6A4A0}.Release|Mixed Platforms.ActiveCfg = Release|Any CPU
		{38872A5F-E87E-4FAD-B109-8EB7B2E6A4A0}.Release|Mixed Platforms.Build.0 = Release|Any CPU
		{38872A5F-E87E-4FAD-B109-8EB7B2E6A4A0}.Release|x86.ActiveCfg = Release|Any CPU
		{38872A5F-E87E-4FAD-B109-8EB7B2E6A4A0}.Release32|Any CPU.ActiveCfg = Release|Any CPU
		{38872A5F-E87E-4FAD-B109-8EB7B2E6A4A0}.Release32|Any CPU.Build.0 = Release|Any CPU
		{38872A5F-E87E-4FAD-B109-8EB7B2E6A4A0}.Release32|Mixed Platforms.ActiveCfg = Release|Any CPU
		{38872A5F-E87E-4FAD-B109-8EB7B2E6A4A0}.Release32|Mixed Platforms.Build.0 = Release|Any CPU
		{38872A5F-E87E-4FAD-B109-8EB7B2E6A4A0}.Release32|x86.ActiveCfg = Release|Any CPU
	EndGlobalSection
	GlobalSection(SolutionProperties) = preSolution
		HideSolutionNode = FALSE
	EndGlobalSection
EndGlobal
