
Microsoft Visual Studio Solution File, Format Version 12.00
# Visual Studio 2013
VisualStudioVersion = 12.0.30324.0
MinimumVisualStudioVersion = 10.0.40219.1
Project("{FAE04EC0-301F-11D3-BF4B-00C04F79EFBC}") = "KeeAgent", "KeeAgent\KeeAgent.csproj", "{742863F2-52ED-41E0-92A1-8EEA60EB75EF}"
EndProject
Project("{FAE04EC0-301F-11D3-BF4B-00C04F79EFBC}") = "KeeAgentTestProject", "KeeAgentTestProject\KeeAgentTestProject.csproj", "{D181A56F-743F-429F-BA31-1827C39A176C}"
EndProject
Project("{2150E333-8FDC-42A3-9474-1A3956D46DE8}") = "Solution Items", "Solution Items", "{A3C09426-AEFA-4170-B530-3A0F3B13903D}"
	ProjectSection(SolutionItems) = preProject
		CHANGELOG.txt = CHANGELOG.txt
		COPYING.txt = COPYING.txt
		README.md = README.md
	EndProjectSection
EndProject
Project("{FAE04EC0-301F-11D3-BF4B-00C04F79EFBC}") = "SshAgentLib", "SshAgentLib\SshAgentLib\SshAgentLib.csproj", "{9163B6B6-0603-4C6E-BC67-7111ED8CDDE1}"
EndProject
Project("{FAE04EC0-301F-11D3-BF4B-00C04F79EFBC}") = "SshAgentLib.Ui.WinForms", "SshAgentLib\Ui\WinForms\SshAgentLib.Ui.WinForms.csproj", "{3BEB6FAE-B14D-4281-8168-DB2A4A0C5FC4}"
EndProject
Global
	GlobalSection(SolutionConfigurationPlatforms) = preSolution
		Debug|Any CPU = Debug|Any CPU
		Release|Any CPU = Release|Any CPU
		ReleasePlgx|Any CPU = ReleasePlgx|Any CPU
	EndGlobalSection
	GlobalSection(ProjectConfigurationPlatforms) = postSolution
		{742863F2-52ED-41E0-92A1-8EEA60EB75EF}.Debug|Any CPU.ActiveCfg = Debug|Any CPU
		{742863F2-52ED-41E0-92A1-8EEA60EB75EF}.Debug|Any CPU.Build.0 = Debug|Any CPU
		{742863F2-52ED-41E0-92A1-8EEA60EB75EF}.Release|Any CPU.ActiveCfg = Release|Any CPU
		{742863F2-52ED-41E0-92A1-8EEA60EB75EF}.Release|Any CPU.Build.0 = Release|Any CPU
		{742863F2-52ED-41E0-92A1-8EEA60EB75EF}.ReleasePlgx|Any CPU.ActiveCfg = ReleasePlgx|Any CPU
		{742863F2-52ED-41E0-92A1-8EEA60EB75EF}.ReleasePlgx|Any CPU.Build.0 = ReleasePlgx|Any CPU
		{D181A56F-743F-429F-BA31-1827C39A176C}.Debug|Any CPU.ActiveCfg = Debug|Any CPU
		{D181A56F-743F-429F-BA31-1827C39A176C}.Release|Any CPU.ActiveCfg = Release|Any CPU
		{D181A56F-743F-429F-BA31-1827C39A176C}.Release|Any CPU.Build.0 = Release|Any CPU
		{D181A56F-743F-429F-BA31-1827C39A176C}.ReleasePlgx|Any CPU.ActiveCfg = Release|Any CPU
		{9163B6B6-0603-4C6E-BC67-7111ED8CDDE1}.Debug|Any CPU.ActiveCfg = Debug|Any CPU
		{9163B6B6-0603-4C6E-BC67-7111ED8CDDE1}.Debug|Any CPU.Build.0 = Debug|Any CPU
		{9163B6B6-0603-4C6E-BC67-7111ED8CDDE1}.Release|Any CPU.ActiveCfg = Release|Any CPU
		{9163B6B6-0603-4C6E-BC67-7111ED8CDDE1}.Release|Any CPU.Build.0 = Release|Any CPU
		{9163B6B6-0603-4C6E-BC67-7111ED8CDDE1}.ReleasePlgx|Any CPU.ActiveCfg = Release|Any CPU
		{9163B6B6-0603-4C6E-BC67-7111ED8CDDE1}.ReleasePlgx|Any CPU.Build.0 = Release|Any CPU
		{3BEB6FAE-B14D-4281-8168-DB2A4A0C5FC4}.Debug|Any CPU.ActiveCfg = Debug|Any CPU
		{3BEB6FAE-B14D-4281-8168-DB2A4A0C5FC4}.Debug|Any CPU.Build.0 = Debug|Any CPU
		{3BEB6FAE-B14D-4281-8168-DB2A4A0C5FC4}.Release|Any CPU.ActiveCfg = Release|Any CPU
		{3BEB6FAE-B14D-4281-8168-DB2A4A0C5FC4}.Release|Any CPU.Build.0 = Release|Any CPU
		{3BEB6FAE-B14D-4281-8168-DB2A4A0C5FC4}.ReleasePlgx|Any CPU.ActiveCfg = Release|Any CPU
		{3BEB6FAE-B14D-4281-8168-DB2A4A0C5FC4}.ReleasePlgx|Any CPU.Build.0 = Release|Any CPU
	EndGlobalSection
	GlobalSection(SolutionProperties) = preSolution
		HideSolutionNode = FALSE
	EndGlobalSection
	GlobalSection(MonoDevelopProperties) = preSolution
		StartupItem = KeeAgent\KeeAgent.csproj
		Policies = $0
		$0.TextStylePolicy = $3
		$1.inheritsSet = null
		$1.scope = text/x-csharp
		$0.CSharpFormattingPolicy = $2
		$2.IndentSwitchBody = True
		$2.BeforeMethodDeclarationParentheses = False
		$2.BeforeMethodCallParentheses = False
		$2.BeforeConstructorDeclarationParentheses = False
		$2.BeforeIndexerDeclarationBracket = False
		$2.BeforeDelegateDeclarationParentheses = False
		$2.NewParentheses = False
		$2.SpacesBeforeBrackets = False
		$2.inheritsSet = Mono
		$2.inheritsScope = text/x-csharp
		$2.scope = text/x-csharp
		$3.TabWidth = 2
		$3.IndentWidth = 2
		$3.NoTabsAfterNonTabs = True
		$3.EolMarker = Windows
		$3.inheritsSet = VisualStudio
		$3.inheritsScope = text/plain
		$3.scope = text/plain
		version = 0.5.2.0
	EndGlobalSection
EndGlobal
